// !$*UTF8*$!
{
	archiveVersion = 1;
	classes = {
	};
	objectVersion = 56;
	objects = {

/* Begin PBXBuildFile section */
		D734C4FA29D9E1D4004A9EB4 /* GFFollowersItemVC.swift in Sources */ = {isa = PBXBuildFile; fileRef = D734C4F929D9E1D4004A9EB4 /* GFFollowersItemVC.swift */; };
		D734C4FD29D9FEAE004A9EB4 /* DateEXT.swift in Sources */ = {isa = PBXBuildFile; fileRef = D734C4FC29D9FEAE004A9EB4 /* DateEXT.swift */; };
		D734C50229DB453B004A9EB4 /* PersistentManager.swift in Sources */ = {isa = PBXBuildFile; fileRef = D734C50129DB453B004A9EB4 /* PersistentManager.swift */; };
		D734C50429DB5C51004A9EB4 /* FavoriteCell.swift in Sources */ = {isa = PBXBuildFile; fileRef = D734C50329DB5C51004A9EB4 /* FavoriteCell.swift */; };
		D737BD8029E483700093A3CD /* UIViewEXT.swift in Sources */ = {isa = PBXBuildFile; fileRef = D737BD7F29E483700093A3CD /* UIViewEXT.swift */; };
		D761803329E73D7A001D13E7 /* TableViewEXT.swift in Sources */ = {isa = PBXBuildFile; fileRef = D761803229E73D7A001D13E7 /* TableViewEXT.swift */; };
		D761803529E88606001D13E7 /* .gitignore in Resources */ = {isa = PBXBuildFile; fileRef = D761803429E88606001D13E7 /* .gitignore */; };
		D78A32D329CB7756001149B5 /* GFEmptyView.swift in Sources */ = {isa = PBXBuildFile; fileRef = D78A32D229CB7756001149B5 /* GFEmptyView.swift */; };
		D78A32D529CCC0A1001149B5 /* UserInfoVC.swift in Sources */ = {isa = PBXBuildFile; fileRef = D78A32D429CCC0A1001149B5 /* UserInfoVC.swift */; };
		D78A32D729D22879001149B5 /* GFUserInfoHeaderVC.swift in Sources */ = {isa = PBXBuildFile; fileRef = D78A32D629D22879001149B5 /* GFUserInfoHeaderVC.swift */; };
		D78A32D929D228B7001149B5 /* GFSecondaryTitleLabel.swift in Sources */ = {isa = PBXBuildFile; fileRef = D78A32D829D228B7001149B5 /* GFSecondaryTitleLabel.swift */; };
		D78A32DD29D82A96001149B5 /* GFItemInfoView.swift in Sources */ = {isa = PBXBuildFile; fileRef = D78A32DC29D82A96001149B5 /* GFItemInfoView.swift */; };
		D78A32DF29D831E0001149B5 /* GFItemInfoVC.swift in Sources */ = {isa = PBXBuildFile; fileRef = D78A32DE29D831E0001149B5 /* GFItemInfoVC.swift */; };
		D78A32E129D881B5001149B5 /* GFRepoItemVC.swift in Sources */ = {isa = PBXBuildFile; fileRef = D78A32E029D881B5001149B5 /* GFRepoItemVC.swift */; };
		D78CE32329E08893003901A2 /* GFAlertContainerView.swift in Sources */ = {isa = PBXBuildFile; fileRef = D78CE32229E08893003901A2 /* GFAlertContainerView.swift */; };
		D78CE32529E0AF69003901A2 /* GFDataLoadingVC.swift in Sources */ = {isa = PBXBuildFile; fileRef = D78CE32429E0AF69003901A2 /* GFDataLoadingVC.swift */; };
		D7A4024529C3B0780018F7DB /* Follower.swift in Sources */ = {isa = PBXBuildFile; fileRef = D7A4024429C3B0780018F7DB /* Follower.swift */; };
		D7A4024729C3B13B0018F7DB /* User.swift in Sources */ = {isa = PBXBuildFile; fileRef = D7A4024629C3B13B0018F7DB /* User.swift */; };
		D7A4024A29C4DF2C0018F7DB /* NetworkManager.swift in Sources */ = {isa = PBXBuildFile; fileRef = D7A4024929C4DF2B0018F7DB /* NetworkManager.swift */; };
		D7A4024C29C4E7930018F7DB /* ErrorMessage.swift in Sources */ = {isa = PBXBuildFile; fileRef = D7A4024B29C4E7930018F7DB /* ErrorMessage.swift */; };
		D7A4024F29C4F95B0018F7DB /* FollowerViewCell.swift in Sources */ = {isa = PBXBuildFile; fileRef = D7A4024E29C4F95B0018F7DB /* FollowerViewCell.swift */; };
		D7A4025129C4F9F80018F7DB /* GFAvatarImageView.swift in Sources */ = {isa = PBXBuildFile; fileRef = D7A4025029C4F9F80018F7DB /* GFAvatarImageView.swift */; };
		D7BB4FF929C76745004CE825 /* UIHelper.swift in Sources */ = {isa = PBXBuildFile; fileRef = D7BB4FF829C76745004CE825 /* UIHelper.swift */; };
		D7BFEB5829C0E511005A235F /* AppDelegate.swift in Sources */ = {isa = PBXBuildFile; fileRef = D7BFEB5729C0E511005A235F /* AppDelegate.swift */; };
		D7BFEB5A29C0E511005A235F /* SceneDelegate.swift in Sources */ = {isa = PBXBuildFile; fileRef = D7BFEB5929C0E511005A235F /* SceneDelegate.swift */; };
		D7BFEB6129C0E519005A235F /* Assets.xcassets in Resources */ = {isa = PBXBuildFile; fileRef = D7BFEB6029C0E519005A235F /* Assets.xcassets */; };
		D7BFEB6429C0E519005A235F /* LaunchScreen.storyboard in Resources */ = {isa = PBXBuildFile; fileRef = D7BFEB6229C0E519005A235F /* LaunchScreen.storyboard */; };
		D7BFEB6C29C0E9E2005A235F /* SearchVC.swift in Sources */ = {isa = PBXBuildFile; fileRef = D7BFEB6B29C0E9E2005A235F /* SearchVC.swift */; };
		D7BFEB6E29C0EA16005A235F /* FavoritesListVC.swift in Sources */ = {isa = PBXBuildFile; fileRef = D7BFEB6D29C0EA16005A235F /* FavoritesListVC.swift */; };
		D7BFEB7029C0F1E1005A235F /* GFButton.swift in Sources */ = {isa = PBXBuildFile; fileRef = D7BFEB6F29C0F1E1005A235F /* GFButton.swift */; };
		D7BFEB7229C0F4F2005A235F /* GFTextField.swift in Sources */ = {isa = PBXBuildFile; fileRef = D7BFEB7129C0F4F2005A235F /* GFTextField.swift */; };
		D7C0996629DC9F6200BB93F9 /* GFTabBarController.swift in Sources */ = {isa = PBXBuildFile; fileRef = D7C0996529DC9F6200BB93F9 /* GFTabBarController.swift */; };
		D7C690AF29C2329C00E047A2 /* Constants.swift in Sources */ = {isa = PBXBuildFile; fileRef = D7C690AE29C2329C00E047A2 /* Constants.swift */; };
		D7C690B729C2381200E047A2 /* SnapKit in Frameworks */ = {isa = PBXBuildFile; productRef = D7C690B629C2381200E047A2 /* SnapKit */; };
		D7C690B929C247D400E047A2 /* FollowerListVC.swift in Sources */ = {isa = PBXBuildFile; fileRef = D7C690B829C247D400E047A2 /* FollowerListVC.swift */; };
		D7C690BB29C24FF800E047A2 /* TextValidation .swift in Sources */ = {isa = PBXBuildFile; fileRef = D7C690BA29C24FF800E047A2 /* TextValidation .swift */; };
		D7C690BF29C2509100E047A2 /* GFTitleLabel.swift in Sources */ = {isa = PBXBuildFile; fileRef = D7C690BE29C2509100E047A2 /* GFTitleLabel.swift */; };
		D7C690C129C2529D00E047A2 /* GFBodyLabel.swift in Sources */ = {isa = PBXBuildFile; fileRef = D7C690C029C2529D00E047A2 /* GFBodyLabel.swift */; };
		D7C690C329C25C4F00E047A2 /* GFAlertVC.swift in Sources */ = {isa = PBXBuildFile; fileRef = D7C690C229C25C4F00E047A2 /* GFAlertVC.swift */; };
		D7C690C529C2642A00E047A2 /* UIViewControllerExtension.swift in Sources */ = {isa = PBXBuildFile; fileRef = D7C690C429C2642A00E047A2 /* UIViewControllerExtension.swift */; };
/* End PBXBuildFile section */

/* Begin PBXFileReference section */
		D734C4F929D9E1D4004A9EB4 /* GFFollowersItemVC.swift */ = {isa = PBXFileReference; lastKnownFileType = sourcecode.swift; path = GFFollowersItemVC.swift; sourceTree = "<group>"; };
		D734C4FC29D9FEAE004A9EB4 /* DateEXT.swift */ = {isa = PBXFileReference; lastKnownFileType = sourcecode.swift; path = DateEXT.swift; sourceTree = "<group>"; };
		D734C50129DB453B004A9EB4 /* PersistentManager.swift */ = {isa = PBXFileReference; lastKnownFileType = sourcecode.swift; path = PersistentManager.swift; sourceTree = "<group>"; };
		D734C50329DB5C51004A9EB4 /* FavoriteCell.swift */ = {isa = PBXFileReference; lastKnownFileType = sourcecode.swift; path = FavoriteCell.swift; sourceTree = "<group>"; };
		D737BD7F29E483700093A3CD /* UIViewEXT.swift */ = {isa = PBXFileReference; lastKnownFileType = sourcecode.swift; path = UIViewEXT.swift; sourceTree = "<group>"; };
		D761803229E73D7A001D13E7 /* TableViewEXT.swift */ = {isa = PBXFileReference; lastKnownFileType = sourcecode.swift; path = TableViewEXT.swift; sourceTree = "<group>"; };
		D761803429E88606001D13E7 /* .gitignore */ = {isa = PBXFileReference; lastKnownFileType = text; path = .gitignore; sourceTree = "<group>"; };
		D78A32D229CB7756001149B5 /* GFEmptyView.swift */ = {isa = PBXFileReference; lastKnownFileType = sourcecode.swift; path = GFEmptyView.swift; sourceTree = "<group>"; };
		D78A32D429CCC0A1001149B5 /* UserInfoVC.swift */ = {isa = PBXFileReference; lastKnownFileType = sourcecode.swift; path = UserInfoVC.swift; sourceTree = "<group>"; };
		D78A32D629D22879001149B5 /* GFUserInfoHeaderVC.swift */ = {isa = PBXFileReference; lastKnownFileType = sourcecode.swift; path = GFUserInfoHeaderVC.swift; sourceTree = "<group>"; };
		D78A32D829D228B7001149B5 /* GFSecondaryTitleLabel.swift */ = {isa = PBXFileReference; lastKnownFileType = sourcecode.swift; path = GFSecondaryTitleLabel.swift; sourceTree = "<group>"; };
		D78A32DC29D82A96001149B5 /* GFItemInfoView.swift */ = {isa = PBXFileReference; lastKnownFileType = sourcecode.swift; path = GFItemInfoView.swift; sourceTree = "<group>"; };
		D78A32DE29D831E0001149B5 /* GFItemInfoVC.swift */ = {isa = PBXFileReference; lastKnownFileType = sourcecode.swift; path = GFItemInfoVC.swift; sourceTree = "<group>"; };
		D78A32E029D881B5001149B5 /* GFRepoItemVC.swift */ = {isa = PBXFileReference; lastKnownFileType = sourcecode.swift; path = GFRepoItemVC.swift; sourceTree = "<group>"; };
		D78CE32229E08893003901A2 /* GFAlertContainerView.swift */ = {isa = PBXFileReference; lastKnownFileType = sourcecode.swift; path = GFAlertContainerView.swift; sourceTree = "<group>"; };
		D78CE32429E0AF69003901A2 /* GFDataLoadingVC.swift */ = {isa = PBXFileReference; lastKnownFileType = sourcecode.swift; path = GFDataLoadingVC.swift; sourceTree = "<group>"; };
		D7A4024429C3B0780018F7DB /* Follower.swift */ = {isa = PBXFileReference; lastKnownFileType = sourcecode.swift; name = Follower.swift; path = ../../../../../Desktop/Follower.swift; sourceTree = "<group>"; };
		D7A4024629C3B13B0018F7DB /* User.swift */ = {isa = PBXFileReference; lastKnownFileType = sourcecode.swift; path = User.swift; sourceTree = "<group>"; };
		D7A4024929C4DF2B0018F7DB /* NetworkManager.swift */ = {isa = PBXFileReference; lastKnownFileType = sourcecode.swift; path = NetworkManager.swift; sourceTree = "<group>"; };
		D7A4024B29C4E7930018F7DB /* ErrorMessage.swift */ = {isa = PBXFileReference; lastKnownFileType = sourcecode.swift; path = ErrorMessage.swift; sourceTree = "<group>"; };
		D7A4024E29C4F95B0018F7DB /* FollowerViewCell.swift */ = {isa = PBXFileReference; lastKnownFileType = sourcecode.swift; path = FollowerViewCell.swift; sourceTree = "<group>"; };
		D7A4025029C4F9F80018F7DB /* GFAvatarImageView.swift */ = {isa = PBXFileReference; lastKnownFileType = sourcecode.swift; path = GFAvatarImageView.swift; sourceTree = "<group>"; };
		D7BB4FF829C76745004CE825 /* UIHelper.swift */ = {isa = PBXFileReference; lastKnownFileType = sourcecode.swift; path = UIHelper.swift; sourceTree = "<group>"; };
		D7BFEB5429C0E511005A235F /* MyFollowers.app */ = {isa = PBXFileReference; explicitFileType = wrapper.application; includeInIndex = 0; path = MyFollowers.app; sourceTree = BUILT_PRODUCTS_DIR; };
		D7BFEB5729C0E511005A235F /* AppDelegate.swift */ = {isa = PBXFileReference; lastKnownFileType = sourcecode.swift; path = AppDelegate.swift; sourceTree = "<group>"; };
		D7BFEB5929C0E511005A235F /* SceneDelegate.swift */ = {isa = PBXFileReference; lastKnownFileType = sourcecode.swift; path = SceneDelegate.swift; sourceTree = "<group>"; };
		D7BFEB6029C0E519005A235F /* Assets.xcassets */ = {isa = PBXFileReference; lastKnownFileType = folder.assetcatalog; path = Assets.xcassets; sourceTree = "<group>"; };
		D7BFEB6329C0E519005A235F /* Base */ = {isa = PBXFileReference; lastKnownFileType = file.storyboard; name = Base; path = Base.lproj/LaunchScreen.storyboard; sourceTree = "<group>"; };
		D7BFEB6529C0E519005A235F /* Info.plist */ = {isa = PBXFileReference; lastKnownFileType = text.plist.xml; path = Info.plist; sourceTree = "<group>"; };
		D7BFEB6B29C0E9E2005A235F /* SearchVC.swift */ = {isa = PBXFileReference; lastKnownFileType = sourcecode.swift; path = SearchVC.swift; sourceTree = "<group>"; };
		D7BFEB6D29C0EA16005A235F /* FavoritesListVC.swift */ = {isa = PBXFileReference; lastKnownFileType = sourcecode.swift; path = FavoritesListVC.swift; sourceTree = "<group>"; };
		D7BFEB6F29C0F1E1005A235F /* GFButton.swift */ = {isa = PBXFileReference; lastKnownFileType = sourcecode.swift; path = GFButton.swift; sourceTree = "<group>"; };
		D7BFEB7129C0F4F2005A235F /* GFTextField.swift */ = {isa = PBXFileReference; lastKnownFileType = sourcecode.swift; path = GFTextField.swift; sourceTree = "<group>"; };
		D7C0996529DC9F6200BB93F9 /* GFTabBarController.swift */ = {isa = PBXFileReference; lastKnownFileType = sourcecode.swift; path = GFTabBarController.swift; sourceTree = "<group>"; };
		D7C690AE29C2329C00E047A2 /* Constants.swift */ = {isa = PBXFileReference; lastKnownFileType = sourcecode.swift; path = Constants.swift; sourceTree = "<group>"; };
		D7C690B829C247D400E047A2 /* FollowerListVC.swift */ = {isa = PBXFileReference; lastKnownFileType = sourcecode.swift; path = FollowerListVC.swift; sourceTree = "<group>"; };
		D7C690BA29C24FF800E047A2 /* TextValidation .swift */ = {isa = PBXFileReference; lastKnownFileType = sourcecode.swift; path = "TextValidation .swift"; sourceTree = "<group>"; };
		D7C690BE29C2509100E047A2 /* GFTitleLabel.swift */ = {isa = PBXFileReference; lastKnownFileType = sourcecode.swift; path = GFTitleLabel.swift; sourceTree = "<group>"; };
		D7C690C029C2529D00E047A2 /* GFBodyLabel.swift */ = {isa = PBXFileReference; lastKnownFileType = sourcecode.swift; path = GFBodyLabel.swift; sourceTree = "<group>"; };
		D7C690C229C25C4F00E047A2 /* GFAlertVC.swift */ = {isa = PBXFileReference; lastKnownFileType = sourcecode.swift; path = GFAlertVC.swift; sourceTree = "<group>"; };
		D7C690C429C2642A00E047A2 /* UIViewControllerExtension.swift */ = {isa = PBXFileReference; lastKnownFileType = sourcecode.swift; path = UIViewControllerExtension.swift; sourceTree = "<group>"; };
/* End PBXFileReference section */

/* Begin PBXFrameworksBuildPhase section */
		D7BFEB5129C0E511005A235F /* Frameworks */ = {
			isa = PBXFrameworksBuildPhase;
			buildActionMask = 2147483647;
			files = (
				D7C690B729C2381200E047A2 /* SnapKit in Frameworks */,
			);
			runOnlyForDeploymentPostprocessing = 0;
		};
/* End PBXFrameworksBuildPhase section */

/* Begin PBXGroup section */
		D734C4FB29D9E1EA004A9EB4 /* ItemInfoVC */ = {
			isa = PBXGroup;
			children = (
				D78A32DE29D831E0001149B5 /* GFItemInfoVC.swift */,
				D78A32E029D881B5001149B5 /* GFRepoItemVC.swift */,
				D734C4F929D9E1D4004A9EB4 /* GFFollowersItemVC.swift */,
			);
			path = ItemInfoVC;
			sourceTree = "<group>";
		};
		D78A32CC29CB75F7001149B5 /* Buttons */ = {
			isa = PBXGroup;
			children = (
				D7BFEB6F29C0F1E1005A235F /* GFButton.swift */,
			);
			path = Buttons;
			sourceTree = "<group>";
		};
		D78A32CD29CB7605001149B5 /* Textfields */ = {
			isa = PBXGroup;
			children = (
				D7BFEB7129C0F4F2005A235F /* GFTextField.swift */,
			);
			path = Textfields;
			sourceTree = "<group>";
		};
		D78A32CE29CB76B4001149B5 /* ViewControllers */ = {
			isa = PBXGroup;
			children = (
				D7C690C229C25C4F00E047A2 /* GFAlertVC.swift */,
				D78A32D629D22879001149B5 /* GFUserInfoHeaderVC.swift */,
				D734C4FB29D9E1EA004A9EB4 /* ItemInfoVC */,
				D78CE32429E0AF69003901A2 /* GFDataLoadingVC.swift */,
			);
			path = ViewControllers;
			sourceTree = "<group>";
		};
		D78A32CF29CB76DD001149B5 /* Labels */ = {
			isa = PBXGroup;
			children = (
				D7C690BE29C2509100E047A2 /* GFTitleLabel.swift */,
				D7C690C029C2529D00E047A2 /* GFBodyLabel.swift */,
				D78A32D829D228B7001149B5 /* GFSecondaryTitleLabel.swift */,
			);
			path = Labels;
			sourceTree = "<group>";
		};
		D78A32D029CB76F1001149B5 /* ImageViews */ = {
			isa = PBXGroup;
			children = (
				D7A4025029C4F9F80018F7DB /* GFAvatarImageView.swift */,
			);
			path = ImageViews;
			sourceTree = "<group>";
		};
		D78A32D129CB771E001149B5 /* Views */ = {
			isa = PBXGroup;
			children = (
				D78A32D229CB7756001149B5 /* GFEmptyView.swift */,
				D78A32DC29D82A96001149B5 /* GFItemInfoView.swift */,
				D78CE32229E08893003901A2 /* GFAlertContainerView.swift */,
			);
			path = Views;
			sourceTree = "<group>";
		};
		D78A32DB29D3581D001149B5 /* UserScreen */ = {
			isa = PBXGroup;
			children = (
				D78A32D429CCC0A1001149B5 /* UserInfoVC.swift */,
			);
			path = UserScreen;
			sourceTree = "<group>";
		};
		D7A4024029C3812E0018F7DB /* Screens */ = {
			isa = PBXGroup;
			children = (
				D7BFEB6B29C0E9E2005A235F /* SearchVC.swift */,
				D7C690B829C247D400E047A2 /* FollowerListVC.swift */,
				D7BFEB6D29C0EA16005A235F /* FavoritesListVC.swift */,
				D78A32DB29D3581D001149B5 /* UserScreen */,
			);
			path = Screens;
			sourceTree = "<group>";
		};
		D7A4024129C3817B0018F7DB /* Extensions */ = {
			isa = PBXGroup;
			children = (
				D7C690BA29C24FF800E047A2 /* TextValidation .swift */,
				D7C690C429C2642A00E047A2 /* UIViewControllerExtension.swift */,
				D734C4FC29D9FEAE004A9EB4 /* DateEXT.swift */,
				D737BD7F29E483700093A3CD /* UIViewEXT.swift */,
				D761803229E73D7A001D13E7 /* TableViewEXT.swift */,
			);
			path = Extensions;
			sourceTree = "<group>";
		};
		D7A4024229C381E20018F7DB /* Support */ = {
			isa = PBXGroup;
			children = (
				D7BFEB5729C0E511005A235F /* AppDelegate.swift */,
				D7BFEB5929C0E511005A235F /* SceneDelegate.swift */,
				D7BFEB6029C0E519005A235F /* Assets.xcassets */,
				D7BFEB6229C0E519005A235F /* LaunchScreen.storyboard */,
			);
			path = Support;
			sourceTree = "<group>";
		};
		D7A4024329C3B0600018F7DB /* Models */ = {
			isa = PBXGroup;
			children = (
				D7A4024429C3B0780018F7DB /* Follower.swift */,
				D7A4024629C3B13B0018F7DB /* User.swift */,
			);
			path = Models;
			sourceTree = "<group>";
		};
		D7A4024829C4DF0B0018F7DB /* Managers */ = {
			isa = PBXGroup;
			children = (
				D7A4024929C4DF2B0018F7DB /* NetworkManager.swift */,
				D734C50129DB453B004A9EB4 /* PersistentManager.swift */,
			);
			path = Managers;
			sourceTree = "<group>";
		};
		D7A4024D29C4F9250018F7DB /* Cells */ = {
			isa = PBXGroup;
			children = (
				D7A4024E29C4F95B0018F7DB /* FollowerViewCell.swift */,
				D734C50329DB5C51004A9EB4 /* FavoriteCell.swift */,
			);
			path = Cells;
			sourceTree = "<group>";
		};
		D7BFEB4B29C0E511005A235F = {
			isa = PBXGroup;
			children = (
				D761803429E88606001D13E7 /* .gitignore */,
				D7BFEB5629C0E511005A235F /* MyFollowers */,
				D7BFEB5529C0E511005A235F /* Products */,
			);
			sourceTree = "<group>";
		};
		D7BFEB5529C0E511005A235F /* Products */ = {
			isa = PBXGroup;
			children = (
				D7BFEB5429C0E511005A235F /* MyFollowers.app */,
			);
			name = Products;
			sourceTree = "<group>";
		};
		D7BFEB5629C0E511005A235F /* MyFollowers */ = {
			isa = PBXGroup;
			children = (
				D7BFEB6529C0E519005A235F /* Info.plist */,
				D7A4024229C381E20018F7DB /* Support */,
				D7A4024029C3812E0018F7DB /* Screens */,
				D7A4024329C3B0600018F7DB /* Models */,
				D7C690BD29C2502F00E047A2 /* CustomViews */,
				D7A4024829C4DF0B0018F7DB /* Managers */,
				D7C690BC29C2500600E047A2 /* Utilities */,
				D7A4024129C3817B0018F7DB /* Extensions */,
			);
			path = MyFollowers;
			sourceTree = "<group>";
		};
		D7C0996429DC9F3000BB93F9 /* TabBarController */ = {
			isa = PBXGroup;
			children = (
				D7C0996529DC9F6200BB93F9 /* GFTabBarController.swift */,
			);
			path = TabBarController;
			sourceTree = "<group>";
		};
		D7C690BC29C2500600E047A2 /* Utilities */ = {
			isa = PBXGroup;
			children = (
				D7C690AE29C2329C00E047A2 /* Constants.swift */,
				D7A4024B29C4E7930018F7DB /* ErrorMessage.swift */,
				D7BB4FF829C76745004CE825 /* UIHelper.swift */,
			);
			path = Utilities;
			sourceTree = "<group>";
		};
		D7C690BD29C2502F00E047A2 /* CustomViews */ = {
			isa = PBXGroup;
			children = (
				D7C0996429DC9F3000BB93F9 /* TabBarController */,
				D78A32D129CB771E001149B5 /* Views */,
				D78A32D029CB76F1001149B5 /* ImageViews */,
				D78A32CF29CB76DD001149B5 /* Labels */,
				D78A32CE29CB76B4001149B5 /* ViewControllers */,
				D78A32CD29CB7605001149B5 /* Textfields */,
				D78A32CC29CB75F7001149B5 /* Buttons */,
				D7A4024D29C4F9250018F7DB /* Cells */,
			);
			path = CustomViews;
			sourceTree = "<group>";
		};
/* End PBXGroup section */

/* Begin PBXNativeTarget section */
		D7BFEB5329C0E511005A235F /* MyFollowers */ = {
			isa = PBXNativeTarget;
			buildConfigurationList = D7BFEB6829C0E519005A235F /* Build configuration list for PBXNativeTarget "MyFollowers" */;
			buildPhases = (
				D7BFEB5029C0E511005A235F /* Sources */,
				D7BFEB5129C0E511005A235F /* Frameworks */,
				D7BFEB5229C0E511005A235F /* Resources */,
			);
			buildRules = (
			);
			dependencies = (
			);
			name = MyFollowers;
			packageProductDependencies = (
				D7C690B629C2381200E047A2 /* SnapKit */,
			);
			productName = MyFollowers;
			productReference = D7BFEB5429C0E511005A235F /* MyFollowers.app */;
			productType = "com.apple.product-type.application";
		};
/* End PBXNativeTarget section */

/* Begin PBXProject section */
		D7BFEB4C29C0E511005A235F /* Project object */ = {
			isa = PBXProject;
			attributes = {
				BuildIndependentTargetsInParallel = 1;
				LastSwiftUpdateCheck = 1420;
				LastUpgradeCheck = 1420;
				TargetAttributes = {
					D7BFEB5329C0E511005A235F = {
						CreatedOnToolsVersion = 14.2;
					};
				};
			};
			buildConfigurationList = D7BFEB4F29C0E511005A235F /* Build configuration list for PBXProject "MyFollowers" */;
			compatibilityVersion = "Xcode 14.0";
			developmentRegion = en;
			hasScannedForEncodings = 0;
			knownRegions = (
				en,
				Base,
			);
			mainGroup = D7BFEB4B29C0E511005A235F;
			packageReferences = (
				D7C690B529C2381200E047A2 /* XCRemoteSwiftPackageReference "SnapKit" */,
			);
			productRefGroup = D7BFEB5529C0E511005A235F /* Products */;
			projectDirPath = "";
			projectRoot = "";
			targets = (
				D7BFEB5329C0E511005A235F /* MyFollowers */,
			);
		};
/* End PBXProject section */

/* Begin PBXResourcesBuildPhase section */
		D7BFEB5229C0E511005A235F /* Resources */ = {
			isa = PBXResourcesBuildPhase;
			buildActionMask = 2147483647;
			files = (
				D7BFEB6429C0E519005A235F /* LaunchScreen.storyboard in Resources */,
				D761803529E88606001D13E7 /* .gitignore in Resources */,
				D7BFEB6129C0E519005A235F /* Assets.xcassets in Resources */,
			);
			runOnlyForDeploymentPostprocessing = 0;
		};
/* End PBXResourcesBuildPhase section */

/* Begin PBXSourcesBuildPhase section */
		D7BFEB5029C0E511005A235F /* Sources */ = {
			isa = PBXSourcesBuildPhase;
			buildActionMask = 2147483647;
			files = (
				D78CE32529E0AF69003901A2 /* GFDataLoadingVC.swift in Sources */,
				D7BFEB7229C0F4F2005A235F /* GFTextField.swift in Sources */,
				D7A4024529C3B0780018F7DB /* Follower.swift in Sources */,
				D7A4024F29C4F95B0018F7DB /* FollowerViewCell.swift in Sources */,
				D7BB4FF929C76745004CE825 /* UIHelper.swift in Sources */,
				D7C690AF29C2329C00E047A2 /* Constants.swift in Sources */,
				D734C4FD29D9FEAE004A9EB4 /* DateEXT.swift in Sources */,
				D7C690B929C247D400E047A2 /* FollowerListVC.swift in Sources */,
				D7A4024A29C4DF2C0018F7DB /* NetworkManager.swift in Sources */,
				D761803329E73D7A001D13E7 /* TableViewEXT.swift in Sources */,
				D7C690BB29C24FF800E047A2 /* TextValidation .swift in Sources */,
				D7C690C329C25C4F00E047A2 /* GFAlertVC.swift in Sources */,
				D7A4025129C4F9F80018F7DB /* GFAvatarImageView.swift in Sources */,
				D7BFEB6E29C0EA16005A235F /* FavoritesListVC.swift in Sources */,
				D7BFEB7029C0F1E1005A235F /* GFButton.swift in Sources */,
				D734C50429DB5C51004A9EB4 /* FavoriteCell.swift in Sources */,
				D78A32E129D881B5001149B5 /* GFRepoItemVC.swift in Sources */,
				D7A4024729C3B13B0018F7DB /* User.swift in Sources */,
				D78A32D929D228B7001149B5 /* GFSecondaryTitleLabel.swift in Sources */,
				D7C690C129C2529D00E047A2 /* GFBodyLabel.swift in Sources */,
				D734C50229DB453B004A9EB4 /* PersistentManager.swift in Sources */,
				D7BFEB6C29C0E9E2005A235F /* SearchVC.swift in Sources */,
				D78A32D729D22879001149B5 /* GFUserInfoHeaderVC.swift in Sources */,
				D7C690C529C2642A00E047A2 /* UIViewControllerExtension.swift in Sources */,
				D78A32DF29D831E0001149B5 /* GFItemInfoVC.swift in Sources */,
				D78CE32329E08893003901A2 /* GFAlertContainerView.swift in Sources */,
				D7A4024C29C4E7930018F7DB /* ErrorMessage.swift in Sources */,
				D737BD8029E483700093A3CD /* UIViewEXT.swift in Sources */,
				D7BFEB5829C0E511005A235F /* AppDelegate.swift in Sources */,
				D7C690BF29C2509100E047A2 /* GFTitleLabel.swift in Sources */,
				D78A32D329CB7756001149B5 /* GFEmptyView.swift in Sources */,
				D78A32DD29D82A96001149B5 /* GFItemInfoView.swift in Sources */,
				D734C4FA29D9E1D4004A9EB4 /* GFFollowersItemVC.swift in Sources */,
				D7BFEB5A29C0E511005A235F /* SceneDelegate.swift in Sources */,
				D78A32D529CCC0A1001149B5 /* UserInfoVC.swift in Sources */,
				D7C0996629DC9F6200BB93F9 /* GFTabBarController.swift in Sources */,
			);
			runOnlyForDeploymentPostprocessing = 0;
		};
/* End PBXSourcesBuildPhase section */

/* Begin PBXVariantGroup section */
		D7BFEB6229C0E519005A235F /* LaunchScreen.storyboard */ = {
			isa = PBXVariantGroup;
			children = (
				D7BFEB6329C0E519005A235F /* Base */,
			);
			name = LaunchScreen.storyboard;
			sourceTree = "<group>";
		};
/* End PBXVariantGroup section */

/* Begin XCBuildConfiguration section */
		D7BFEB6629C0E519005A235F /* Debug */ = {
			isa = XCBuildConfiguration;
			buildSettings = {
				ALWAYS_SEARCH_USER_PATHS = NO;
				CLANG_ANALYZER_NONNULL = YES;
				CLANG_ANALYZER_NUMBER_OBJECT_CONVERSION = YES_AGGRESSIVE;
				CLANG_CXX_LANGUAGE_STANDARD = "gnu++20";
				CLANG_ENABLE_MODULES = YES;
				CLANG_ENABLE_OBJC_ARC = YES;
				CLANG_ENABLE_OBJC_WEAK = YES;
				CLANG_WARN_BLOCK_CAPTURE_AUTORELEASING = YES;
				CLANG_WARN_BOOL_CONVERSION = YES;
				CLANG_WARN_COMMA = YES;
				CLANG_WARN_CONSTANT_CONVERSION = YES;
				CLANG_WARN_DEPRECATED_OBJC_IMPLEMENTATIONS = YES;
				CLANG_WARN_DIRECT_OBJC_ISA_USAGE = YES_ERROR;
				CLANG_WARN_DOCUMENTATION_COMMENTS = YES;
				CLANG_WARN_EMPTY_BODY = YES;
				CLANG_WARN_ENUM_CONVERSION = YES;
				CLANG_WARN_INFINITE_RECURSION = YES;
				CLANG_WARN_INT_CONVERSION = YES;
				CLANG_WARN_NON_LITERAL_NULL_CONVERSION = YES;
				CLANG_WARN_OBJC_IMPLICIT_RETAIN_SELF = YES;
				CLANG_WARN_OBJC_LITERAL_CONVERSION = YES;
				CLANG_WARN_OBJC_ROOT_CLASS = YES_ERROR;
				CLANG_WARN_QUOTED_INCLUDE_IN_FRAMEWORK_HEADER = YES;
				CLANG_WARN_RANGE_LOOP_ANALYSIS = YES;
				CLANG_WARN_STRICT_PROTOTYPES = YES;
				CLANG_WARN_SUSPICIOUS_MOVE = YES;
				CLANG_WARN_UNGUARDED_AVAILABILITY = YES_AGGRESSIVE;
				CLANG_WARN_UNREACHABLE_CODE = YES;
				CLANG_WARN__DUPLICATE_METHOD_MATCH = YES;
				COPY_PHASE_STRIP = NO;
				DEBUG_INFORMATION_FORMAT = dwarf;
				ENABLE_STRICT_OBJC_MSGSEND = YES;
				ENABLE_TESTABILITY = YES;
				GCC_C_LANGUAGE_STANDARD = gnu11;
				GCC_DYNAMIC_NO_PIC = NO;
				GCC_NO_COMMON_BLOCKS = YES;
				GCC_OPTIMIZATION_LEVEL = 0;
				GCC_PREPROCESSOR_DEFINITIONS = (
					"DEBUG=1",
					"$(inherited)",
				);
				GCC_WARN_64_TO_32_BIT_CONVERSION = YES;
				GCC_WARN_ABOUT_RETURN_TYPE = YES_ERROR;
				GCC_WARN_UNDECLARED_SELECTOR = YES;
				GCC_WARN_UNINITIALIZED_AUTOS = YES_AGGRESSIVE;
				GCC_WARN_UNUSED_FUNCTION = YES;
				GCC_WARN_UNUSED_VARIABLE = YES;
				IPHONEOS_DEPLOYMENT_TARGET = 16.2;
				MTL_ENABLE_DEBUG_INFO = INCLUDE_SOURCE;
				MTL_FAST_MATH = YES;
				ONLY_ACTIVE_ARCH = YES;
				SDKROOT = iphoneos;
				SWIFT_ACTIVE_COMPILATION_CONDITIONS = DEBUG;
				SWIFT_OPTIMIZATION_LEVEL = "-Onone";
			};
			name = Debug;
		};
		D7BFEB6729C0E519005A235F /* Release */ = {
			isa = XCBuildConfiguration;
			buildSettings = {
				ALWAYS_SEARCH_USER_PATHS = NO;
				CLANG_ANALYZER_NONNULL = YES;
				CLANG_ANALYZER_NUMBER_OBJECT_CONVERSION = YES_AGGRESSIVE;
				CLANG_CXX_LANGUAGE_STANDARD = "gnu++20";
				CLANG_ENABLE_MODULES = YES;
				CLANG_ENABLE_OBJC_ARC = YES;
				CLANG_ENABLE_OBJC_WEAK = YES;
				CLANG_WARN_BLOCK_CAPTURE_AUTORELEASING = YES;
				CLANG_WARN_BOOL_CONVERSION = YES;
				CLANG_WARN_COMMA = YES;
				CLANG_WARN_CONSTANT_CONVERSION = YES;
				CLANG_WARN_DEPRECATED_OBJC_IMPLEMENTATIONS = YES;
				CLANG_WARN_DIRECT_OBJC_ISA_USAGE = YES_ERROR;
				CLANG_WARN_DOCUMENTATION_COMMENTS = YES;
				CLANG_WARN_EMPTY_BODY = YES;
				CLANG_WARN_ENUM_CONVERSION = YES;
				CLANG_WARN_INFINITE_RECURSION = YES;
				CLANG_WARN_INT_CONVERSION = YES;
				CLANG_WARN_NON_LITERAL_NULL_CONVERSION = YES;
				CLANG_WARN_OBJC_IMPLICIT_RETAIN_SELF = YES;
				CLANG_WARN_OBJC_LITERAL_CONVERSION = YES;
				CLANG_WARN_OBJC_ROOT_CLASS = YES_ERROR;
				CLANG_WARN_QUOTED_INCLUDE_IN_FRAMEWORK_HEADER = YES;
				CLANG_WARN_RANGE_LOOP_ANALYSIS = YES;
				CLANG_WARN_STRICT_PROTOTYPES = YES;
				CLANG_WARN_SUSPICIOUS_MOVE = YES;
				CLANG_WARN_UNGUARDED_AVAILABILITY = YES_AGGRESSIVE;
				CLANG_WARN_UNREACHABLE_CODE = YES;
				CLANG_WARN__DUPLICATE_METHOD_MATCH = YES;
				COPY_PHASE_STRIP = NO;
				DEBUG_INFORMATION_FORMAT = "dwarf-with-dsym";
				ENABLE_NS_ASSERTIONS = NO;
				ENABLE_STRICT_OBJC_MSGSEND = YES;
				GCC_C_LANGUAGE_STANDARD = gnu11;
				GCC_NO_COMMON_BLOCKS = YES;
				GCC_WARN_64_TO_32_BIT_CONVERSION = YES;
				GCC_WARN_ABOUT_RETURN_TYPE = YES_ERROR;
				GCC_WARN_UNDECLARED_SELECTOR = YES;
				GCC_WARN_UNINITIALIZED_AUTOS = YES_AGGRESSIVE;
				GCC_WARN_UNUSED_FUNCTION = YES;
				GCC_WARN_UNUSED_VARIABLE = YES;
				IPHONEOS_DEPLOYMENT_TARGET = 16.2;
				MTL_ENABLE_DEBUG_INFO = NO;
				MTL_FAST_MATH = YES;
				SDKROOT = iphoneos;
				SWIFT_COMPILATION_MODE = wholemodule;
				SWIFT_OPTIMIZATION_LEVEL = "-O";
				VALIDATE_PRODUCT = YES;
			};
			name = Release;
		};
		D7BFEB6929C0E519005A235F /* Debug */ = {
			isa = XCBuildConfiguration;
			buildSettings = {
				ASSETCATALOG_COMPILER_APPICON_NAME = AppIcon;
				ASSETCATALOG_COMPILER_GLOBAL_ACCENT_COLOR_NAME = AccentColor;
				CODE_SIGN_STYLE = Automatic;
				CURRENT_PROJECT_VERSION = 1;
				DEVELOPMENT_TEAM = 95D5HHTHLU;
				GENERATE_INFOPLIST_FILE = YES;
				INFOPLIST_FILE = MyFollowers/Info.plist;
				INFOPLIST_KEY_LSApplicationCategoryType = "public.app-category.social-networking";
				INFOPLIST_KEY_UIApplicationSupportsIndirectInputEvents = YES;
				INFOPLIST_KEY_UILaunchStoryboardName = LaunchScreen;
				INFOPLIST_KEY_UISupportedInterfaceOrientations = UIInterfaceOrientationPortrait;
				LD_RUNPATH_SEARCH_PATHS = (
					"$(inherited)",
					"@executable_path/Frameworks",
				);
				MARKETING_VERSION = 1.0;
				PRODUCT_BUNDLE_IDENTIFIER = MichailDev.MyFollowers;
				PRODUCT_NAME = "$(TARGET_NAME)";
				SWIFT_EMIT_LOC_STRINGS = YES;
				SWIFT_VERSION = 5.0;
				TARGETED_DEVICE_FAMILY = "1,2";
			};
			name = Debug;
		};
		D7BFEB6A29C0E519005A235F /* Release */ = {
			isa = XCBuildConfiguration;
			buildSettings = {
				ASSETCATALOG_COMPILER_APPICON_NAME = AppIcon;
				ASSETCATALOG_COMPILER_GLOBAL_ACCENT_COLOR_NAME = AccentColor;
				CODE_SIGN_STYLE = Automatic;
				CURRENT_PROJECT_VERSION = 1;
				DEVELOPMENT_TEAM = 95D5HHTHLU;
				GENERATE_INFOPLIST_FILE = YES;
				INFOPLIST_FILE = MyFollowers/Info.plist;
				INFOPLIST_KEY_LSApplicationCategoryType = "public.app-category.social-networking";
				INFOPLIST_KEY_UIApplicationSupportsIndirectInputEvents = YES;
				INFOPLIST_KEY_UILaunchStoryboardName = LaunchScreen;
				INFOPLIST_KEY_UISupportedInterfaceOrientations = UIInterfaceOrientationPortrait;
				LD_RUNPATH_SEARCH_PATHS = (
					"$(inherited)",
					"@executable_path/Frameworks",
				);
				MARKETING_VERSION = 1.0;
				PRODUCT_BUNDLE_IDENTIFIER = MichailDev.MyFollowers;
				PRODUCT_NAME = "$(TARGET_NAME)";
				SWIFT_EMIT_LOC_STRINGS = YES;
				SWIFT_VERSION = 5.0;
				TARGETED_DEVICE_FAMILY = "1,2";
			};
			name = Release;
		};
/* End XCBuildConfiguration section */

/* Begin XCConfigurationList section */
		D7BFEB4F29C0E511005A235F /* Build configuration list for PBXProject "MyFollowers" */ = {
			isa = XCConfigurationList;
			buildConfigurations = (
				D7BFEB6629C0E519005A235F /* Debug */,
				D7BFEB6729C0E519005A235F /* Release */,
			);
			defaultConfigurationIsVisible = 0;
			defaultConfigurationName = Release;
		};
		D7BFEB6829C0E519005A235F /* Build configuration list for PBXNativeTarget "MyFollowers" */ = {
			isa = XCConfigurationList;
			buildConfigurations = (
				D7BFEB6929C0E519005A235F /* Debug */,
				D7BFEB6A29C0E519005A235F /* Release */,
			);
			defaultConfigurationIsVisible = 0;
			defaultConfigurationName = Release;
		};
/* End XCConfigurationList section */

/* Begin XCRemoteSwiftPackageReference section */
		D7C690B529C2381200E047A2 /* XCRemoteSwiftPackageReference "SnapKit" */ = {
			isa = XCRemoteSwiftPackageReference;
			repositoryURL = "https://github.com/SnapKit/SnapKit";
			requirement = {
				kind = upToNextMajorVersion;
				minimumVersion = 5.0.1;
			};
		};
/* End XCRemoteSwiftPackageReference section */

/* Begin XCSwiftPackageProductDependency section */
		D7C690B629C2381200E047A2 /* SnapKit */ = {
			isa = XCSwiftPackageProductDependency;
			package = D7C690B529C2381200E047A2 /* XCRemoteSwiftPackageReference "SnapKit" */;
			productName = SnapKit;
		};
/* End XCSwiftPackageProductDependency section */
	};
	rootObject = D7BFEB4C29C0E511005A235F /* Project object */;
}
